// !$*UTF8*$!
{
	archiveVersion = 1;
	classes = {
	};
	objectVersion = 46;
	objects = {

/* Begin PBXBuildFile section */
		FF018B981C5C10C10046F75B /* FaceView.swift in Sources */ = {isa = PBXBuildFile; fileRef = FF018B961C5C10C10046F75B /* FaceView.swift */; };
		FF018B991C5C10C10046F75B /* HappinessViewController.swift in Sources */ = {isa = PBXBuildFile; fileRef = FF018B971C5C10C10046F75B /* HappinessViewController.swift */; };
		FF018B9B1C5D7AAF0046F75B /* TextViewController.swift in Sources */ = {isa = PBXBuildFile; fileRef = FF018B9A1C5D7AAF0046F75B /* TextViewController.swift */; };
		FF018B9F1C5D83080046F75B /* DiagnosedHappinessViewController.swift in Sources */ = {isa = PBXBuildFile; fileRef = FF018B9E1C5D83080046F75B /* DiagnosedHappinessViewController.swift */; };
		FF97C8391C5C078200F65625 /* AppDelegate.swift in Sources */ = {isa = PBXBuildFile; fileRef = FF97C8381C5C078200F65625 /* AppDelegate.swift */; };
		FF97C83B1C5C078200F65625 /* PsychologistViewController.swift in Sources */ = {isa = PBXBuildFile; fileRef = FF97C83A1C5C078200F65625 /* PsychologistViewController.swift */; };
		FF97C83E1C5C078200F65625 /* Main.storyboard in Resources */ = {isa = PBXBuildFile; fileRef = FF97C83C1C5C078200F65625 /* Main.storyboard */; };
		FF97C8401C5C078200F65625 /* Assets.xcassets in Resources */ = {isa = PBXBuildFile; fileRef = FF97C83F1C5C078200F65625 /* Assets.xcassets */; };
		FF97C8431C5C078200F65625 /* LaunchScreen.storyboard in Resources */ = {isa = PBXBuildFile; fileRef = FF97C8411C5C078200F65625 /* LaunchScreen.storyboard */; };
		FF97C84E1C5C078200F65625 /* PsychologistTests.swift in Sources */ = {isa = PBXBuildFile; fileRef = FF97C84D1C5C078200F65625 /* PsychologistTests.swift */; };
		FF97C8591C5C078200F65625 /* PsychologistUITests.swift in Sources */ = {isa = PBXBuildFile; fileRef = FF97C8581C5C078200F65625 /* PsychologistUITests.swift */; };
/* End PBXBuildFile section */

/* Begin PBXContainerItemProxy section */
		FF97C84A1C5C078200F65625 /* PBXContainerItemProxy */ = {
			isa = PBXContainerItemProxy;
			containerPortal = FF97C82D1C5C078200F65625 /* Project object */;
			proxyType = 1;
			remoteGlobalIDString = FF97C8341C5C078200F65625;
			remoteInfo = Psychologist;
		};
		FF97C8551C5C078200F65625 /* PBXContainerItemProxy */ = {
			isa = PBXContainerItemProxy;
			containerPortal = FF97C82D1C5C078200F65625 /* Project object */;
			proxyType = 1;
			remoteGlobalIDString = FF97C8341C5C078200F65625;
			remoteInfo = Psychologist;
		};
/* End PBXContainerItemProxy section */

/* Begin PBXFileReference section */
		FF018B961C5C10C10046F75B /* FaceView.swift */ = {isa = PBXFileReference; fileEncoding = 4; lastKnownFileType = sourcecode.swift; path = FaceView.swift; sourceTree = "<group>"; };
		FF018B971C5C10C10046F75B /* HappinessViewController.swift */ = {isa = PBXFileReference; fileEncoding = 4; lastKnownFileType = sourcecode.swift; path = HappinessViewController.swift; sourceTree = "<group>"; };
		FF018B9A1C5D7AAF0046F75B /* TextViewController.swift */ = {isa = PBXFileReference; fileEncoding = 4; lastKnownFileType = sourcecode.swift; path = TextViewController.swift; sourceTree = "<group>"; };
		FF018B9E1C5D83080046F75B /* DiagnosedHappinessViewController.swift */ = {isa = PBXFileReference; fileEncoding = 4; lastKnownFileType = sourcecode.swift; path = DiagnosedHappinessViewController.swift; sourceTree = "<group>"; };
		FF97C8351C5C078200F65625 /* Psychologist.app */ = {isa = PBXFileReference; explicitFileType = wrapper.application; includeInIndex = 0; path = Psychologist.app; sourceTree = BUILT_PRODUCTS_DIR; };
		FF97C8381C5C078200F65625 /* AppDelegate.swift */ = {isa = PBXFileReference; lastKnownFileType = sourcecode.swift; path = AppDelegate.swift; sourceTree = "<group>"; };
		FF97C83A1C5C078200F65625 /* PsychologistViewController.swift */ = {isa = PBXFileReference; lastKnownFileType = sourcecode.swift; path = PsychologistViewController.swift; sourceTree = "<group>"; };
		FF97C83D1C5C078200F65625 /* Base */ = {isa = PBXFileReference; lastKnownFileType = file.storyboard; name = Base; path = Base.lproj/Main.storyboard; sourceTree = "<group>"; };
		FF97C83F1C5C078200F65625 /* Assets.xcassets */ = {isa = PBXFileReference; lastKnownFileType = folder.assetcatalog; path = Assets.xcassets; sourceTree = "<group>"; };
		FF97C8421C5C078200F65625 /* Base */ = {isa = PBXFileReference; lastKnownFileType = file.storyboard; name = Base; path = Base.lproj/LaunchScreen.storyboard; sourceTree = "<group>"; };
		FF97C8441C5C078200F65625 /* Info.plist */ = {isa = PBXFileReference; lastKnownFileType = text.plist.xml; path = Info.plist; sourceTree = "<group>"; };
		FF97C8491C5C078200F65625 /* PsychologistTests.xctest */ = {isa = PBXFileReference; explicitFileType = wrapper.cfbundle; includeInIndex = 0; path = PsychologistTests.xctest; sourceTree = BUILT_PRODUCTS_DIR; };
		FF97C84D1C5C078200F65625 /* PsychologistTests.swift */ = {isa = PBXFileReference; lastKnownFileType = sourcecode.swift; path = PsychologistTests.swift; sourceTree = "<group>"; };
		FF97C84F1C5C078200F65625 /* Info.plist */ = {isa = PBXFileReference; lastKnownFileType = text.plist.xml; path = Info.plist; sourceTree = "<group>"; };
		FF97C8541C5C078200F65625 /* PsychologistUITests.xctest */ = {isa = PBXFileReference; explicitFileType = wrapper.cfbundle; includeInIndex = 0; path = PsychologistUITests.xctest; sourceTree = BUILT_PRODUCTS_DIR; };
		FF97C8581C5C078200F65625 /* PsychologistUITests.swift */ = {isa = PBXFileReference; lastKnownFileType = sourcecode.swift; path = PsychologistUITests.swift; sourceTree = "<group>"; };
		FF97C85A1C5C078200F65625 /* Info.plist */ = {isa = PBXFileReference; lastKnownFileType = text.plist.xml; path = Info.plist; sourceTree = "<group>"; };
/* End PBXFileReference section */

/* Begin PBXFrameworksBuildPhase section */
		FF97C8321C5C078200F65625 /* Frameworks */ = {
			isa = PBXFrameworksBuildPhase;
			buildActionMask = 2147483647;
			files = (
			);
			runOnlyForDeploymentPostprocessing = 0;
		};
		FF97C8461C5C078200F65625 /* Frameworks */ = {
			isa = PBXFrameworksBuildPhase;
			buildActionMask = 2147483647;
			files = (
			);
			runOnlyForDeploymentPostprocessing = 0;
		};
		FF97C8511C5C078200F65625 /* Frameworks */ = {
			isa = PBXFrameworksBuildPhase;
			buildActionMask = 2147483647;
			files = (
			);
			runOnlyForDeploymentPostprocessing = 0;
		};
/* End PBXFrameworksBuildPhase section */

/* Begin PBXGroup section */
		FF97C82C1C5C078200F65625 = {
			isa = PBXGroup;
			children = (
				FF97C8371C5C078200F65625 /* Psychologist */,
				FF97C84C1C5C078200F65625 /* PsychologistTests */,
				FF97C8571C5C078200F65625 /* PsychologistUITests */,
				FF97C8361C5C078200F65625 /* Products */,
			);
			sourceTree = "<group>";
		};
		FF97C8361C5C078200F65625 /* Products */ = {
			isa = PBXGroup;
			children = (
				FF97C8351C5C078200F65625 /* Psychologist.app */,
				FF97C8491C5C078200F65625 /* PsychologistTests.xctest */,
				FF97C8541C5C078200F65625 /* PsychologistUITests.xctest */,
			);
			name = Products;
			sourceTree = "<group>";
		};
		FF97C8371C5C078200F65625 /* Psychologist */ = {
			isa = PBXGroup;
			children = (
				FF018B9E1C5D83080046F75B /* DiagnosedHappinessViewController.swift */,
				FF97C8381C5C078200F65625 /* AppDelegate.swift */,
				FF97C83A1C5C078200F65625 /* PsychologistViewController.swift */,
				FF018B961C5C10C10046F75B /* FaceView.swift */,
				FF018B971C5C10C10046F75B /* HappinessViewController.swift */,
				FF97C83C1C5C078200F65625 /* Main.storyboard */,
				FF018B9A1C5D7AAF0046F75B /* TextViewController.swift */,
				FF97C83F1C5C078200F65625 /* Assets.xcassets */,
				FF97C8411C5C078200F65625 /* LaunchScreen.storyboard */,
				FF97C8441C5C078200F65625 /* Info.plist */,
			);
			path = Psychologist;
			sourceTree = "<group>";
		};
		FF97C84C1C5C078200F65625 /* PsychologistTests */ = {
			isa = PBXGroup;
			children = (
				FF97C84D1C5C078200F65625 /* PsychologistTests.swift */,
				FF97C84F1C5C078200F65625 /* Info.plist */,
			);
			path = PsychologistTests;
			sourceTree = "<group>";
		};
		FF97C8571C5C078200F65625 /* PsychologistUITests */ = {
			isa = PBXGroup;
			children = (
				FF97C8581C5C078200F65625 /* PsychologistUITests.swift */,
				FF97C85A1C5C078200F65625 /* Info.plist */,
			);
			path = PsychologistUITests;
			sourceTree = "<group>";
		};
/* End PBXGroup section */

/* Begin PBXNativeTarget section */
		FF97C8341C5C078200F65625 /* Psychologist */ = {
			isa = PBXNativeTarget;
			buildConfigurationList = FF97C85D1C5C078200F65625 /* Build configuration list for PBXNativeTarget "Psychologist" */;
			buildPhases = (
				FF97C8311C5C078200F65625 /* Sources */,
				FF97C8321C5C078200F65625 /* Frameworks */,
				FF97C8331C5C078200F65625 /* Resources */,
			);
			buildRules = (
			);
			dependencies = (
			);
			name = Psychologist;
			productName = Psychologist;
			productReference = FF97C8351C5C078200F65625 /* Psychologist.app */;
			productType = "com.apple.product-type.application";
		};
		FF97C8481C5C078200F65625 /* PsychologistTests */ = {
			isa = PBXNativeTarget;
			buildConfigurationList = FF97C8601C5C078200F65625 /* Build configuration list for PBXNativeTarget "PsychologistTests" */;
			buildPhases = (
				FF97C8451C5C078200F65625 /* Sources */,
				FF97C8461C5C078200F65625 /* Frameworks */,
				FF97C8471C5C078200F65625 /* Resources */,
			);
			buildRules = (
			);
			dependencies = (
				FF97C84B1C5C078200F65625 /* PBXTargetDependency */,
			);
			name = PsychologistTests;
			productName = PsychologistTests;
			productReference = FF97C8491C5C078200F65625 /* PsychologistTests.xctest */;
			productType = "com.apple.product-type.bundle.unit-test";
		};
		FF97C8531C5C078200F65625 /* PsychologistUITests */ = {
			isa = PBXNativeTarget;
			buildConfigurationList = FF97C8631C5C078200F65625 /* Build configuration list for PBXNativeTarget "PsychologistUITests" */;
			buildPhases = (
				FF97C8501C5C078200F65625 /* Sources */,
				FF97C8511C5C078200F65625 /* Frameworks */,
				FF97C8521C5C078200F65625 /* Resources */,
			);
			buildRules = (
			);
			dependencies = (
				FF97C8561C5C078200F65625 /* PBXTargetDependency */,
			);
			name = PsychologistUITests;
			productName = PsychologistUITests;
			productReference = FF97C8541C5C078200F65625 /* PsychologistUITests.xctest */;
			productType = "com.apple.product-type.bundle.ui-testing";
		};
/* End PBXNativeTarget section */

/* Begin PBXProject section */
		FF97C82D1C5C078200F65625 /* Project object */ = {
			isa = PBXProject;
			attributes = {
				LastSwiftUpdateCheck = 0720;
				LastUpgradeCheck = 0720;
				ORGANIZATIONNAME = "Vikram Swamy";
				TargetAttributes = {
					FF97C8341C5C078200F65625 = {
						CreatedOnToolsVersion = 7.2;
						DevelopmentTeam = UWX4V28VH4;
					};
					FF97C8481C5C078200F65625 = {
						CreatedOnToolsVersion = 7.2;
						DevelopmentTeam = UWX4V28VH4;
						TestTargetID = FF97C8341C5C078200F65625;
					};
					FF97C8531C5C078200F65625 = {
						CreatedOnToolsVersion = 7.2;
						DevelopmentTeam = UWX4V28VH4;
						TestTargetID = FF97C8341C5C078200F65625;
					};
				};
			};
			buildConfigurationList = FF97C8301C5C078200F65625 /* Build configuration list for PBXProject "Psychologist" */;
			compatibilityVersion = "Xcode 3.2";
			developmentRegion = English;
			hasScannedForEncodings = 0;
			knownRegions = (
				en,
				Base,
			);
			mainGroup = FF97C82C1C5C078200F65625;
			productRefGroup = FF97C8361C5C078200F65625 /* Products */;
			projectDirPath = "";
			projectRoot = "";
			targets = (
				FF97C8341C5C078200F65625 /* Psychologist */,
				FF97C8481C5C078200F65625 /* PsychologistTests */,
				FF97C8531C5C078200F65625 /* PsychologistUITests */,
			);
		};
/* End PBXProject section */

/* Begin PBXResourcesBuildPhase section */
		FF97C8331C5C078200F65625 /* Resources */ = {
			isa = PBXResourcesBuildPhase;
			buildActionMask = 2147483647;
			files = (
				FF97C8431C5C078200F65625 /* LaunchScreen.storyboard in Resources */,
				FF97C8401C5C078200F65625 /* Assets.xcassets in Resources */,
				FF97C83E1C5C078200F65625 /* Main.storyboard in Resources */,
			);
			runOnlyForDeploymentPostprocessing = 0;
		};
		FF97C8471C5C078200F65625 /* Resources */ = {
			isa = PBXResourcesBuildPhase;
			buildActionMask = 2147483647;
			files = (
			);
			runOnlyForDeploymentPostprocessing = 0;
		};
		FF97C8521C5C078200F65625 /* Resources */ = {
			isa = PBXResourcesBuildPhase;
			buildActionMask = 2147483647;
			files = (
			);
			runOnlyForDeploymentPostprocessing = 0;
		};
/* End PBXResourcesBuildPhase section */

/* Begin PBXSourcesBuildPhase section */
		FF97C8311C5C078200F65625 /* Sources */ = {
			isa = PBXSourcesBuildPhase;
			buildActionMask = 2147483647;
			files = (
				FF018B9B1C5D7AAF0046F75B /* TextViewController.swift in Sources */,
				FF97C83B1C5C078200F65625 /* PsychologistViewController.swift in Sources */,
				FF97C8391C5C078200F65625 /* AppDelegate.swift in Sources */,
				FF018B9F1C5D83080046F75B /* DiagnosedHappinessViewController.swift in Sources */,
				FF018B991C5C10C10046F75B /* HappinessViewController.swift in Sources */,
				FF018B981C5C10C10046F75B /* FaceView.swift in Sources */,
			);
			runOnlyForDeploymentPostprocessing = 0;
		};
		FF97C8451C5C078200F65625 /* Sources */ = {
			isa = PBXSourcesBuildPhase;
			buildActionMask = 2147483647;
			files = (
				FF97C84E1C5C078200F65625 /* PsychologistTests.swift in Sources */,
			);
			runOnlyForDeploymentPostprocessing = 0;
		};
		FF97C8501C5C078200F65625 /* Sources */ = {
			isa = PBXSourcesBuildPhase;
			buildActionMask = 2147483647;
			files = (
				FF97C8591C5C078200F65625 /* PsychologistUITests.swift in Sources */,
			);
			runOnlyForDeploymentPostprocessing = 0;
		};
/* End PBXSourcesBuildPhase section */

/* Begin PBXTargetDependency section */
		FF97C84B1C5C078200F65625 /* PBXTargetDependency */ = {
			isa = PBXTargetDependency;
			target = FF97C8341C5C078200F65625 /* Psychologist */;
			targetProxy = FF97C84A1C5C078200F65625 /* PBXContainerItemProxy */;
		};
		FF97C8561C5C078200F65625 /* PBXTargetDependency */ = {
			isa = PBXTargetDependency;
			target = FF97C8341C5C078200F65625 /* Psychologist */;
			targetProxy = FF97C8551C5C078200F65625 /* PBXContainerItemProxy */;
		};
/* End PBXTargetDependency section */

/* Begin PBXVariantGroup section */
		FF97C83C1C5C078200F65625 /* Main.storyboard */ = {
			isa = PBXVariantGroup;
			children = (
				FF97C83D1C5C078200F65625 /* Base */,
			);
			name = Main.storyboard;
			sourceTree = "<group>";
		};
		FF97C8411C5C078200F65625 /* LaunchScreen.storyboard */ = {
			isa = PBXVariantGroup;
			children = (
				FF97C8421C5C078200F65625 /* Base */,
			);
			name = LaunchScreen.storyboard;
			sourceTree = "<group>";
		};
/* End PBXVariantGroup section */

/* Begin XCBuildConfiguration section */
		FF97C85B1C5C078200F65625 /* Debug */ = {
			isa = XCBuildConfiguration;
			buildSettings = {
				ALWAYS_SEARCH_USER_PATHS = NO;
				CLANG_CXX_LANGUAGE_STANDARD = "gnu++0x";
				CLANG_CXX_LIBRARY = "libc++";
				CLANG_ENABLE_MODULES = YES;
				CLANG_ENABLE_OBJC_ARC = YES;
				CLANG_WARN_BOOL_CONVERSION = YES;
				CLANG_WARN_CONSTANT_CONVERSION = YES;
				CLANG_WARN_DIRECT_OBJC_ISA_USAGE = YES_ERROR;
				CLANG_WARN_EMPTY_BODY = YES;
				CLANG_WARN_ENUM_CONVERSION = YES;
				CLANG_WARN_INT_CONVERSION = YES;
				CLANG_WARN_OBJC_ROOT_CLASS = YES_ERROR;
				CLANG_WARN_UNREACHABLE_CODE = YES;
				CLANG_WARN__DUPLICATE_METHOD_MATCH = YES;
				"CODE_SIGN_IDENTITY[sdk=iphoneos*]" = "iPhone Developer";
				COPY_PHASE_STRIP = NO;
				DEBUG_INFORMATION_FORMAT = dwarf;
				ENABLE_STRICT_OBJC_MSGSEND = YES;
				ENABLE_TESTABILITY = YES;
				GCC_C_LANGUAGE_STANDARD = gnu99;
				GCC_DYNAMIC_NO_PIC = NO;
				GCC_NO_COMMON_BLOCKS = YES;
				GCC_OPTIMIZATION_LEVEL = 0;
				GCC_PREPROCESSOR_DEFINITIONS = (
					"DEBUG=1",
					"$(inherited)",
				);
				GCC_WARN_64_TO_32_BIT_CONVERSION = YES;
				GCC_WARN_ABOUT_RETURN_TYPE = YES_ERROR;
				GCC_WARN_UNDECLARED_SELECTOR = YES;
				GCC_WARN_UNINITIALIZED_AUTOS = YES_AGGRESSIVE;
				GCC_WARN_UNUSED_FUNCTION = YES;
				GCC_WARN_UNUSED_VARIABLE = YES;
				IPHONEOS_DEPLOYMENT_TARGET = 9.2;
				MTL_ENABLE_DEBUG_INFO = YES;
				ONLY_ACTIVE_ARCH = YES;
				SDKROOT = iphoneos;
				SWIFT_OPTIMIZATION_LEVEL = "-Onone";
				TARGETED_DEVICE_FAMILY = "1,2";
			};
			name = Debug;
		};
		FF97C85C1C5C078200F65625 /* Release */ = {
			isa = XCBuildConfiguration;
			buildSettings = {
				ALWAYS_SEARCH_USER_PATHS = NO;
				CLANG_CXX_LANGUAGE_STANDARD = "gnu++0x";
				CLANG_CXX_LIBRARY = "libc++";
				CLANG_ENABLE_MODULES = YES;
				CLANG_ENABLE_OBJC_ARC = YES;
				CLANG_WARN_BOOL_CONVERSION = YES;
				CLANG_WARN_CONSTANT_CONVERSION = YES;
				CLANG_WARN_DIRECT_OBJC_ISA_USAGE = YES_ERROR;
				CLANG_WARN_EMPTY_BODY = YES;
				CLANG_WARN_ENUM_CONVERSION = YES;
				CLANG_WARN_INT_CONVERSION = YES;
				CLANG_WARN_OBJC_ROOT_CLASS = YES_ERROR;
				CLANG_WARN_UNREACHABLE_CODE = YES;
				CLANG_WARN__DUPLICATE_METHOD_MATCH = YES;
				"CODE_SIGN_IDENTITY[sdk=iphoneos*]" = "iPhone Developer";
				COPY_PHASE_STRIP = NO;
				DEBUG_INFORMATION_FORMAT = "dwarf-with-dsym";
				ENABLE_NS_ASSERTIONS = NO;
				ENABLE_STRICT_OBJC_MSGSEND = YES;
				GCC_C_LANGUAGE_STANDARD = gnu99;
				GCC_NO_COMMON_BLOCKS = YES;
				GCC_WARN_64_TO_32_BIT_CONVERSION = YES;
				GCC_WARN_ABOUT_RETURN_TYPE = YES_ERROR;
				GCC_WARN_UNDECLARED_SELECTOR = YES;
				GCC_WARN_UNINITIALIZED_AUTOS = YES_AGGRESSIVE;
				GCC_WARN_UNUSED_FUNCTION = YES;
				GCC_WARN_UNUSED_VARIABLE = YES;
				IPHONEOS_DEPLOYMENT_TARGET = 9.2;
				MTL_ENABLE_DEBUG_INFO = NO;
				SDKROOT = iphoneos;
				TARGETED_DEVICE_FAMILY = "1,2";
				VALIDATE_PRODUCT = YES;
			};
			name = Release;
		};
		FF97C85E1C5C078200F65625 /* Debug */ = {
			isa = XCBuildConfiguration;
			buildSettings = {
				ASSETCATALOG_COMPILER_APPICON_NAME = AppIcon;
				INFOPLIST_FILE = Psychologist/Info.plist;
				LD_RUNPATH_SEARCH_PATHS = "$(inherited) @executable_path/Frameworks";
				PRODUCT_BUNDLE_IDENTIFIER = vswamy.Psychologist;
				PRODUCT_NAME = "$(TARGET_NAME)";
			};
			name = Debug;
		};
		FF97C85F1C5C078200F65625 /* Release */ = {
			isa = XCBuildConfiguration;
			buildSettings = {
				ASSETCATALOG_COMPILER_APPICON_NAME = AppIcon;
				INFOPLIST_FILE = Psychologist/Info.plist;
				LD_RUNPATH_SEARCH_PATHS = "$(inherited) @executable_path/Frameworks";
				PRODUCT_BUNDLE_IDENTIFIER = vswamy.Psychologist;
				PRODUCT_NAME = "$(TARGET_NAME)";
			};
			name = Release;
		};
		FF97C8611C5C078200F65625 /* Debug */ = {
			isa = XCBuildConfiguration;
			buildSettings = {
				BUNDLE_LOADER = "$(TEST_HOST)";
				INFOPLIST_FILE = PsychologistTests/Info.plist;
				LD_RUNPATH_SEARCH_PATHS = "$(inherited) @executable_path/Frameworks @loader_path/Frameworks";
				PRODUCT_BUNDLE_IDENTIFIER = vswamy.PsychologistTests;
				PRODUCT_NAME = "$(TARGET_NAME)";
				TEST_HOST = "$(BUILT_PRODUCTS_DIR)/Psychologist.app/Psychologist";
			};
			name = Debug;
		};
		FF97C8621C5C078200F65625 /* Release */ = {
			isa = XCBuildConfiguration;
			buildSettings = {
				BUNDLE_LOADER = "$(TEST_HOST)";
				INFOPLIST_FILE = PsychologistTests/Info.plist;
				LD_RUNPATH_SEARCH_PATHS = "$(inherited) @executable_path/Frameworks @loader_path/Frameworks";
				PRODUCT_BUNDLE_IDENTIFIER = vswamy.PsychologistTests;
				PRODUCT_NAME = "$(TARGET_NAME)";
				TEST_HOST = "$(BUILT_PRODUCTS_DIR)/Psychologist.app/Psychologist";
			};
			name = Release;
		};
		FF97C8641C5C078200F65625 /* Debug */ = {
			isa = XCBuildConfiguration;
			buildSettings = {
				INFOPLIST_FILE = PsychologistUITests/Info.plist;
				LD_RUNPATH_SEARCH_PATHS = "$(inherited) @executable_path/Frameworks @loader_path/Frameworks";
				PRODUCT_BUNDLE_IDENTIFIER = vswamy.PsychologistUITests;
				PRODUCT_NAME = "$(TARGET_NAME)";
				TEST_TARGET_NAME = Psychologist;
				USES_XCTRUNNER = YES;
			};
			name = Debug;
		};
		FF97C8651C5C078200F65625 /* Release */ = {
			isa = XCBuildConfiguration;
			buildSettings = {
				INFOPLIST_FILE = PsychologistUITests/Info.plist;
				LD_RUNPATH_SEARCH_PATHS = "$(inherited) @executable_path/Frameworks @loader_path/Frameworks";
				PRODUCT_BUNDLE_IDENTIFIER = vswamy.PsychologistUITests;
				PRODUCT_NAME = "$(TARGET_NAME)";
				TEST_TARGET_NAME = Psychologist;
				USES_XCTRUNNER = YES;
			};
			name = Release;
		};
/* End XCBuildConfiguration section */

/* Begin XCConfigurationList section */
		FF97C8301C5C078200F65625 /* Build configuration list for PBXProject "Psychologist" */ = {
			isa = XCConfigurationList;
			buildConfigurations = (
				FF97C85B1C5C078200F65625 /* Debug */,
				FF97C85C1C5C078200F65625 /* Release */,
			);
			defaultConfigurationIsVisible = 0;
			defaultConfigurationName = Release;
		};
		FF97C85D1C5C078200F65625 /* Build configuration list for PBXNativeTarget "Psychologist" */ = {
			isa = XCConfigurationList;
			buildConfigurations = (
				FF97C85E1C5C078200F65625 /* Debug */,
				FF97C85F1C5C078200F65625 /* Release */,
			);
			defaultConfigurationIsVisible = 0;
			defaultConfigurationName = Release;
		};
		FF97C8601C5C078200F65625 /* Build configuration list for PBXNativeTarget "PsychologistTests" */ = {
			isa = XCConfigurationList;
			buildConfigurations = (
				FF97C8611C5C078200F65625 /* Debug */,
				FF97C8621C5C078200F65625 /* Release */,
			);
			defaultConfigurationIsVisible = 0;
			defaultConfigurationName = Release;
		};
		FF97C8631C5C078200F65625 /* Build configuration list for PBXNativeTarget "PsychologistUITests" */ = {
			isa = XCConfigurationList;
			buildConfigurations = (
				FF97C8641C5C078200F65625 /* Debug */,
				FF97C8651C5C078200F65625 /* Release */,
			);
			defaultConfigurationIsVisible = 0;
			defaultConfigurationName = Release;
		};
/* End XCConfigurationList section */
	};
	rootObject = FF97C82D1C5C078200F65625 /* Project object */;
}
